
Microsoft Visual Studio Solution File, Format Version 12.00
# Visual Studio Version 16
VisualStudioVersion = 16.0.29020.237
MinimumVisualStudioVersion = 10.0.40219.1
Project("{FAE04EC0-301F-11D3-BF4B-00C04F79EFBC}") = "Calculator", "Calculator\Calculator.csproj", "{3CB60851-4222-4CBF-B967-32BD6FE41A75}"
EndProject
Global
	GlobalSection(SolutionConfigurationPlatforms) = preSolution
		Debug|Any CPU = Debug|Any CPU
		Release|Any CPU = Release|Any CPU
	EndGlobalSection
	GlobalSection(ProjectConfigurationPlatforms) = postSolution
		{3CB60851-4222-4CBF-B967-32BD6FE41A75}.Debug|Any CPU.ActiveCfg = Debug|Any CPU
		{3CB60851-4222-4CBF-B967-32BD6FE41A75}.Debug|Any CPU.Build.0 = Debug|Any CPU
		{3CB60851-4222-4CBF-B967-32BD6FE41A75}.Release|Any CPU.ActiveCfg = Release|Any CPU
		{3CB60851-4222-4CBF-B967-32BD6FE41A75}.Release|Any CPU.Build.0 = Release|Any CPU
	EndGlobalSection
	GlobalSection(SolutionProperties) = preSolution
		HideSolutionNode = FALSE
	EndGlobalSection
	GlobalSection(ExtensibilityGlobals) = postSolution
		SolutionGuid = {7D0E65DB-3FA2-4ED6-95DE-CF0DDADD9A4A}
	EndGlobalSection
EndGlobal
